{
  "name": "alien-signal-blog",
  "version": "1.0.0",
  "lockfileVersion": 3,
  "requires": true,
  "packages": {
    "": {
      "name": "alien-signal-blog",
      "version": "1.0.0",
      "dependencies": {
        "@monaco-editor/react": "^4.7.0",
        "@upstash/redis": "^1.35.8",
        "@vercel/blob": "^2.0.0",
        "next": "14.2.5",
        "react": "18.3.1",
        "react-dom": "18.3.1",
        "react-syntax-highlighter": "^16.1.0"
      }
    },
    "node_modules/@babel/runtime": {
      "version": "7.28.4",
      "resolved": "https://registry.npmjs.org/@babel/runtime/-/runtime-7.28.4.tgz",
      "integrity": "sha512-Q/N6JNWvIvPnLDvjlE1OUBLPQHH6l3CltCEsHIujp45zQUSSh8K+gHnaEX45yAT1nyngnINhvWtzN+Nb9D8RAQ==",
      "license": "MIT",
      "engines": {
        "node": ">=6.9.0"
      }
    },
    "node_modules/@fastify/busboy": {
      "version": "2.1.1",
      "resolved": "https://registry.npmjs.org/@fastify/busboy/-/busboy-2.1.1.tgz",
      "integrity": "sha512-vBZP4NlzfOlerQTnba4aqZoMhE/a9HY7HRqoOPaETQcSQuWEIyZMHGfVu6w9wGtGK5fED5qRs2DteVCjOH60sA==",
      "license": "MIT",
      "engines": {
        "node": ">=14"
      }
    },
    "node_modules/@monaco-editor/loader": {
      "version": "1.7.0",
      "resolved": "https://registry.npmjs.org/@monaco-editor/loader/-/loader-1.7.0.tgz",
      "integrity": "sha512-gIwR1HrJrrx+vfyOhYmCZ0/JcWqG5kbfG7+d3f/C1LXk2EvzAbHSg3MQ5lO2sMlo9izoAZ04shohfKLVT6crVA==",
      "license": "MIT",
      "dependencies": {
        "state-local": "^1.0.6"
      }
    },
    "node_modules/@monaco-editor/react": {
      "version": "4.7.0",
      "resolved": "https://registry.npmjs.org/@monaco-editor/react/-/react-4.7.0.tgz",
      "integrity": "sha512-cyzXQCtO47ydzxpQtCGSQGOC8Gk3ZUeBXFAxD+CWXYFo5OqZyZUonFl0DwUlTyAfRHntBfw2p3w4s9R6oe1eCA==",
      "license": "MIT",
      "dependencies": {
        "@monaco-editor/loader": "^1.5.0"
      },
      "peerDependencies": {
        "monaco-editor": ">= 0.25.0 < 1",
        "react": "^16.8.0 || ^17.0.0 || ^18.0.0 || ^19.0.0",
        "react-dom": "^16.8.0 || ^17.0.0 || ^18.0.0 || ^19.0.0"
      }
    },
    "node_modules/@next/env": {
      "version": "14.2.5",
      "resolved": "https://registry.npmjs.org/@next/env/-/env-14.2.5.tgz",
      "integrity": "sha512-/zZGkrTOsraVfYjGP8uM0p6r0BDT6xWpkjdVbcz66PJVSpwXX3yNiRycxAuDfBKGWBrZBXRuK/YVlkNgxHGwmA==",
      "license": "MIT"
    },
    "node_modules/@next/swc-darwin-arm64": {
      "version": "14.2.5",
      "resolved": "https://registry.npmjs.org/@next/swc-darwin-arm64/-/swc-darwin-arm64-14.2.5.tgz",
      "integrity": "sha512-/9zVxJ+K9lrzSGli1///ujyRfon/ZneeZ+v4ptpiPoOU+GKZnm8Wj8ELWU1Pm7GHltYRBklmXMTUqM/DqQ99FQ==",
      "cpu": [
        "arm64"
      ],
      "license": "MIT",
      "optional": true,
      "os": [
        "darwin"
      ],
      "engines": {
        "node": ">= 10"
      }
    },
    "node_modules/@next/swc-darwin-x64": {
      "version": "14.2.5",
      "resolved": "https://registry.npmjs.org/@next/swc-darwin-x64/-/swc-darwin-x64-14.2.5.tgz",
      "integrity": "sha512-vXHOPCwfDe9qLDuq7U1OYM2wUY+KQ4Ex6ozwsKxp26BlJ6XXbHleOUldenM67JRyBfVjv371oneEvYd3H2gNSA==",
      "cpu": [
        "x64"
      ],
      "license": "MIT",
      "optional": true,
      "os": [
        "darwin"
      ],
      "engines": {
        "node": ">= 10"
      }
    },
    "node_modules/@next/swc-linux-arm64-gnu": {
      "version": "14.2.5",
      "resolved": "https://registry.npmjs.org/@next/swc-linux-arm64-gnu/-/swc-linux-arm64-gnu-14.2.5.tgz",
      "integrity": "sha512-vlhB8wI+lj8q1ExFW8lbWutA4M2ZazQNvMWuEDqZcuJJc78iUnLdPPunBPX8rC4IgT6lIx/adB+Cwrl99MzNaA==",
      "cpu": [
        "arm64"
      ],
      "license": "MIT",
      "optional": true,
      "os": [
        "linux"
      ],
      "engines": {
        "node": ">= 10"
      }
    },
    "node_modules/@next/swc-linux-arm64-musl": {
      "version": "14.2.5",
      "resolved": "https://registry.npmjs.org/@next/swc-linux-arm64-musl/-/swc-linux-arm64-musl-14.2.5.tgz",
      "integrity": "sha512-NpDB9NUR2t0hXzJJwQSGu1IAOYybsfeB+LxpGsXrRIb7QOrYmidJz3shzY8cM6+rO4Aojuef0N/PEaX18pi9OA==",
      "cpu": [
        "arm64"
      ],
      "license": "MIT",
      "optional": true,
      "os": [
        "linux"
      ],
      "engines": {
        "node": ">= 10"
      }
    },
    "node_modules/@next/swc-linux-x64-gnu": {
      "version": "14.2.5",
      "resolved": "https://registry.npmjs.org/@next/swc-linux-x64-gnu/-/swc-linux-x64-gnu-14.2.5.tgz",
      "integrity": "sha512-8XFikMSxWleYNryWIjiCX+gU201YS+erTUidKdyOVYi5qUQo/gRxv/3N1oZFCgqpesN6FPeqGM72Zve+nReVXQ==",
      "cpu": [
        "x64"
      ],
      "license": "MIT",
      "optional": true,
      "os": [
        "linux"
      ],
      "engines": {
        "node": ">= 10"
      }
    },
    "node_modules/@next/swc-linux-x64-musl": {
      "version": "14.2.5",
      "resolved": "https://registry.npmjs.org/@next/swc-linux-x64-musl/-/swc-linux-x64-musl-14.2.5.tgz",
      "integrity": "sha512-6QLwi7RaYiQDcRDSU/os40r5o06b5ue7Jsk5JgdRBGGp8l37RZEh9JsLSM8QF0YDsgcosSeHjglgqi25+m04IQ==",
      "cpu": [
        "x64"
      ],
      "license": "MIT",
      "optional": true,
      "os": [
        "linux"
      ],
      "engines": {
        "node": ">= 10"
      }
    },
    "node_modules/@next/swc-win32-arm64-msvc": {
      "version": "14.2.5",
      "resolved": "https://registry.npmjs.org/@next/swc-win32-arm64-msvc/-/swc-win32-arm64-msvc-14.2.5.tgz",
      "integrity": "sha512-1GpG2VhbspO+aYoMOQPQiqc/tG3LzmsdBH0LhnDS3JrtDx2QmzXe0B6mSZZiN3Bq7IOMXxv1nlsjzoS1+9mzZw==",
      "cpu": [
        "arm64"
      ],
      "license": "MIT",
      "optional": true,
      "os": [
        "win32"
      ],
      "engines": {
        "node": ">= 10"
      }
    },
    "node_modules/@next/swc-win32-ia32-msvc": {
      "version": "14.2.5",
      "resolved": "https://registry.npmjs.org/@next/swc-win32-ia32-msvc/-/swc-win32-ia32-msvc-14.2.5.tgz",
      "integrity": "sha512-Igh9ZlxwvCDsu6438FXlQTHlRno4gFpJzqPjSIBZooD22tKeI4fE/YMRoHVJHmrQ2P5YL1DoZ0qaOKkbeFWeMg==",
      "cpu": [
        "ia32"
      ],
      "license": "MIT",
      "optional": true,
      "os": [
        "win32"
      ],
      "engines": {
        "node": ">= 10"
      }
    },
    "node_modules/@next/swc-win32-x64-msvc": {
      "version": "14.2.5",
      "resolved": "https://registry.npmjs.org/@next/swc-win32-x64-msvc/-/swc-win32-x64-msvc-14.2.5.tgz",
      "integrity": "sha512-tEQ7oinq1/CjSG9uSTerca3v4AZ+dFa+4Yu6ihaG8Ud8ddqLQgFGcnwYls13H5X5CPDPZJdYxyeMui6muOLd4g==",
      "cpu": [
        "x64"
      ],
      "license": "MIT",
      "optional": true,
      "os": [
        "win32"
      ],
      "engines": {
        "node": ">= 10"
      }
    },
    "node_modules/@swc/counter": {
      "version": "0.1.3",
      "resolved": "https://registry.npmjs.org/@swc/counter/-/counter-0.1.3.tgz",
      "integrity": "sha512-e2BR4lsJkkRlKZ/qCHPw9ZaSxc0MVUd7gtbtaB7aMvHeJVYe8sOB8DBZkP2DtISHGSku9sCK6T6cnY0CtXrOCQ==",
      "license": "Apache-2.0"
    },
    "node_modules/@swc/helpers": {
      "version": "0.5.5",
      "resolved": "https://registry.npmjs.org/@swc/helpers/-/helpers-0.5.5.tgz",
      "integrity": "sha512-KGYxvIOXcceOAbEk4bi/dVLEK9z8sZ0uBB3Il5b1rhfClSpcX0yfRO0KmTkqR2cnQDymwLB+25ZyMzICg/cm/A==",
      "license": "Apache-2.0",
      "dependencies": {
        "@swc/counter": "^0.1.3",
        "tslib": "^2.4.0"
      }
    },
    "node_modules/@types/hast": {
      "version": "3.0.4",
      "resolved": "https://registry.npmjs.org/@types/hast/-/hast-3.0.4.tgz",
      "integrity": "sha512-WPs+bbQw5aCj+x6laNGWLH3wviHtoCv/P3+otBhbOhJgG8qtpdAMlTCxLtsTWA7LH1Oh/bFCHsBn0TPS5m30EQ==",
      "license": "MIT",
      "dependencies": {
        "@types/unist": "*"
      }
    },
    "node_modules/@types/prismjs": {
      "version": "1.26.5",
      "resolved": "https://registry.npmjs.org/@types/prismjs/-/prismjs-1.26.5.tgz",
      "integrity": "sha512-AUZTa7hQ2KY5L7AmtSiqxlhWxb4ina0yd8hNbl4TWuqnv/pFP0nDMb3YrfSBf4hJVGLh2YEIBfKaBW/9UEl6IQ==",
      "license": "MIT"
    },
    "node_modules/@types/trusted-types": {
      "version": "2.0.7",
      "resolved": "https://registry.npmjs.org/@types/trusted-types/-/trusted-types-2.0.7.tgz",
      "integrity": "sha512-ScaPdn1dQczgbl0QFTeTOmVHFULt394XJgOQNoyVhZ6r2vLnMLJfBPd53SB52T/3G36VI1/g2MZaX0cwDuXsfw==",
      "license": "MIT",
      "optional": true,
      "peer": true
    },
    "node_modules/@types/unist": {
      "version": "3.0.3",
      "resolved": "https://registry.npmjs.org/@types/unist/-/unist-3.0.3.tgz",
      "integrity": "sha512-ko/gIFJRv177XgZsZcBwnqJN5x/Gien8qNOn0D5bQU/zAzVf9Zt3BlcUiLqhV9y4ARk0GbT3tnUiPNgnTXzc/Q==",
      "license": "MIT"
    },
    "node_modules/@upstash/redis": {
      "version": "1.35.8",
      "resolved": "https://registry.npmjs.org/@upstash/redis/-/redis-1.35.8.tgz",
      "integrity": "sha512-QqLpVCD9PCPE6hlRzOkz864nfijSdazxtyJLIy9ZeTh6kU2nBIKKfjT5HMHjIRD4BCm6TK1dbUT9pxhFjcvpng==",
      "license": "MIT",
      "dependencies": {
        "uncrypto": "^0.1.3"
      }
    },
    "node_modules/@vercel/blob": {
      "version": "2.0.0",
      "resolved": "https://registry.npmjs.org/@vercel/blob/-/blob-2.0.0.tgz",
      "integrity": "sha512-oAj7Pdy83YKSwIaMFoM7zFeLYWRc+qUpW3PiDSblxQMnGFb43qs4bmfq7dr/+JIfwhs6PTwe1o2YBwKhyjWxXw==",
      "license": "Apache-2.0",
      "dependencies": {
        "async-retry": "^1.3.3",
        "is-buffer": "^2.0.5",
        "is-node-process": "^1.2.0",
        "throttleit": "^2.1.0",
        "undici": "^5.28.4"
      },
      "engines": {
        "node": ">=20.0.0"
      }
    },
    "node_modules/async-retry": {
      "version": "1.3.3",
      "resolved": "https://registry.npmjs.org/async-retry/-/async-retry-1.3.3.tgz",
      "integrity": "sha512-wfr/jstw9xNi/0teMHrRW7dsz3Lt5ARhYNZ2ewpadnhaIp5mbALhOAP+EAdsC7t4Z6wqsDVv9+W6gm1Dk9mEyw==",
      "license": "MIT",
      "dependencies": {
        "retry": "0.13.1"
      }
    },
    "node_modules/busboy": {
      "version": "1.6.0",
      "resolved": "https://registry.npmjs.org/busboy/-/busboy-1.6.0.tgz",
      "integrity": "sha512-8SFQbg/0hQ9xy3UNTB0YEnsNBbWfhf7RtnzpL7TkBiTBRfrQ9Fxcnz7VJsleJpyp6rVLvXiuORqjlHi5q+PYuA==",
      "dependencies": {
        "streamsearch": "^1.1.0"
      },
      "engines": {
        "node": ">=10.16.0"
      }
    },
    "node_modules/caniuse-lite": {
      "version": "1.0.30001760",
      "resolved": "https://registry.npmjs.org/caniuse-lite/-/caniuse-lite-1.0.30001760.tgz",
      "integrity": "sha512-7AAMPcueWELt1p3mi13HR/LHH0TJLT11cnwDJEs3xA4+CK/PLKeO9Kl1oru24htkyUKtkGCvAx4ohB0Ttry8Dw==",
      "funding": [
        {
          "type": "opencollective",
          "url": "https://opencollective.com/browserslist"
        },
        {
          "type": "tidelift",
          "url": "https://tidelift.com/funding/github/npm/caniuse-lite"
        },
        {
          "type": "github",
          "url": "https://github.com/sponsors/ai"
        }
      ],
      "license": "CC-BY-4.0"
    },
    "node_modules/character-entities": {
      "version": "2.0.2",
      "resolved": "https://registry.npmjs.org/character-entities/-/character-entities-2.0.2.tgz",
      "integrity": "sha512-shx7oQ0Awen/BRIdkjkvz54PnEEI/EjwXDSIZp86/KKdbafHh1Df/RYGBhn4hbe2+uKC9FnT5UCEdyPz3ai9hQ==",
      "license": "MIT",
      "funding": {
        "type": "github",
        "url": "https://github.com/sponsors/wooorm"
      }
    },
    "node_modules/character-entities-legacy": {
      "version": "3.0.0",
      "resolved": "https://registry.npmjs.org/character-entities-legacy/-/character-entities-legacy-3.0.0.tgz",
      "integrity": "sha512-RpPp0asT/6ufRm//AJVwpViZbGM/MkjQFxJccQRHmISF/22NBtsHqAWmL+/pmkPWoIUJdWyeVleTl1wydHATVQ==",
      "license": "MIT",
      "funding": {
        "type": "github",
        "url": "https://github.com/sponsors/wooorm"
      }
    },
    "node_modules/character-reference-invalid": {
      "version": "2.0.1",
      "resolved": "https://registry.npmjs.org/character-reference-invalid/-/character-reference-invalid-2.0.1.tgz",
      "integrity": "sha512-iBZ4F4wRbyORVsu0jPV7gXkOsGYjGHPmAyv+HiHG8gi5PtC9KI2j1+v8/tlibRvjoWX027ypmG/n0HtO5t7unw==",
      "license": "MIT",
      "funding": {
        "type": "github",
        "url": "https://github.com/sponsors/wooorm"
      }
    },
    "node_modules/client-only": {
      "version": "0.0.1",
      "resolved": "https://registry.npmjs.org/client-only/-/client-only-0.0.1.tgz",
      "integrity": "sha512-IV3Ou0jSMzZrd3pZ48nLkT9DA7Ag1pnPzaiQhpW7c3RbcqqzvzzVu+L8gfqMp/8IM2MQtSiqaCxrrcfu8I8rMA==",
      "license": "MIT"
    },
    "node_modules/comma-separated-tokens": {
      "version": "2.0.3",
      "resolved": "https://registry.npmjs.org/comma-separated-tokens/-/comma-separated-tokens-2.0.3.tgz",
      "integrity": "sha512-Fu4hJdvzeylCfQPp9SGWidpzrMs7tTrlu6Vb8XGaRGck8QSNZJJp538Wrb60Lax4fPwR64ViY468OIUTbRlGZg==",
      "license": "MIT",
      "funding": {
        "type": "github",
        "url": "https://github.com/sponsors/wooorm"
      }
    },
    "node_modules/decode-named-character-reference": {
      "version": "1.2.0",
      "resolved": "https://registry.npmjs.org/decode-named-character-reference/-/decode-named-character-reference-1.2.0.tgz",
      "integrity": "sha512-c6fcElNV6ShtZXmsgNgFFV5tVX2PaV4g+MOAkb8eXHvn6sryJBrZa9r0zV6+dtTyoCKxtDy5tyQ5ZwQuidtd+Q==",
      "license": "MIT",
      "dependencies": {
        "character-entities": "^2.0.0"
      },
      "funding": {
        "type": "github",
        "url": "https://github.com/sponsors/wooorm"
      }
    },
    "node_modules/dompurify": {
      "version": "3.2.7",
      "resolved": "https://registry.npmjs.org/dompurify/-/dompurify-3.2.7.tgz",
      "integrity": "sha512-WhL/YuveyGXJaerVlMYGWhvQswa7myDG17P7Vu65EWC05o8vfeNbvNf4d/BOvH99+ZW+LlQsc1GDKMa1vNK6dw==",
      "license": "(MPL-2.0 OR Apache-2.0)",
      "peer": true,
      "optionalDependencies": {
        "@types/trusted-types": "^2.0.7"
      }
    },
    "node_modules/fault": {
      "version": "1.0.4",
      "resolved": "https://registry.npmjs.org/fault/-/fault-1.0.4.tgz",
      "integrity": "sha512-CJ0HCB5tL5fYTEA7ToAq5+kTwd++Borf1/bifxd9iT70QcXr4MRrO3Llf8Ifs70q+SJcGHFtnIE/Nw6giCtECA==",
      "license": "MIT",
      "dependencies": {
        "format": "^0.2.0"
      },
      "funding": {
        "type": "github",
        "url": "https://github.com/sponsors/wooorm"
      }
    },
    "node_modules/format": {
      "version": "0.2.2",
      "resolved": "https://registry.npmjs.org/format/-/format-0.2.2.tgz",
      "integrity": "sha512-wzsgA6WOq+09wrU1tsJ09udeR/YZRaeArL9e1wPbFg3GG2yDnC2ldKpxs4xunpFF9DgqCqOIra3bc1HWrJ37Ww==",
      "engines": {
        "node": ">=0.4.x"
      }
    },
    "node_modules/graceful-fs": {
      "version": "4.2.11",
      "resolved": "https://registry.npmjs.org/graceful-fs/-/graceful-fs-4.2.11.tgz",
      "integrity": "sha512-RbJ5/jmFcNNCcDV5o9eTnBLJ/HszWV0P73bc+Ff4nS/rJj+YaS6IGyiOL0VoBYX+l1Wrl3k63h/KrH+nhJ0XvQ==",
      "license": "ISC"
    },
    "node_modules/hast-util-parse-selector": {
      "version": "4.0.0",
      "resolved": "https://registry.npmjs.org/hast-util-parse-selector/-/hast-util-parse-selector-4.0.0.tgz",
      "integrity": "sha512-wkQCkSYoOGCRKERFWcxMVMOcYE2K1AaNLU8DXS9arxnLOUEWbOXKXiJUNzEpqZ3JOKpnha3jkFrumEjVliDe7A==",
      "license": "MIT",
      "dependencies": {
        "@types/hast": "^3.0.0"
      },
      "funding": {
        "type": "opencollective",
        "url": "https://opencollective.com/unified"
      }
    },
    "node_modules/hastscript": {
      "version": "9.0.1",
      "resolved": "https://registry.npmjs.org/hastscript/-/hastscript-9.0.1.tgz",
      "integrity": "sha512-g7df9rMFX/SPi34tyGCyUBREQoKkapwdY/T04Qn9TDWfHhAYt4/I0gMVirzK5wEzeUqIjEB+LXC/ypb7Aqno5w==",
      "license": "MIT",
      "dependencies": {
        "@types/hast": "^3.0.0",
        "comma-separated-tokens": "^2.0.0",
        "hast-util-parse-selector": "^4.0.0",
        "property-information": "^7.0.0",
        "space-separated-tokens": "^2.0.0"
      },
      "funding": {
        "type": "opencollective",
        "url": "https://opencollective.com/unified"
      }
    },
    "node_modules/highlight.js": {
      "version": "10.7.3",
      "resolved": "https://registry.npmjs.org/highlight.js/-/highlight.js-10.7.3.tgz",
      "integrity": "sha512-tzcUFauisWKNHaRkN4Wjl/ZA07gENAjFl3J/c480dprkGTg5EQstgaNFqBfUqCq54kZRIEcreTsAgF/m2quD7A==",
      "license": "BSD-3-Clause",
      "engines": {
        "node": "*"
      }
    },
    "node_modules/highlightjs-vue": {
      "version": "1.0.0",
      "resolved": "https://registry.npmjs.org/highlightjs-vue/-/highlightjs-vue-1.0.0.tgz",
      "integrity": "sha512-PDEfEF102G23vHmPhLyPboFCD+BkMGu+GuJe2d9/eH4FsCwvgBpnc9n0pGE+ffKdph38s6foEZiEjdgHdzp+IA==",
      "license": "CC0-1.0"
    },
    "node_modules/is-alphabetical": {
      "version": "2.0.1",
      "resolved": "https://registry.npmjs.org/is-alphabetical/-/is-alphabetical-2.0.1.tgz",
      "integrity": "sha512-FWyyY60MeTNyeSRpkM2Iry0G9hpr7/9kD40mD/cGQEuilcZYS4okz8SN2Q6rLCJ8gbCt6fN+rC+6tMGS99LaxQ==",
      "license": "MIT",
      "funding": {
        "type": "github",
        "url": "https://github.com/sponsors/wooorm"
      }
    },
    "node_modules/is-alphanumerical": {
      "version": "2.0.1",
      "resolved": "https://registry.npmjs.org/is-alphanumerical/-/is-alphanumerical-2.0.1.tgz",
      "integrity": "sha512-hmbYhX/9MUMF5uh7tOXyK/n0ZvWpad5caBA17GsC6vyuCqaWliRG5K1qS9inmUhEMaOBIW7/whAnSwveW/LtZw==",
      "license": "MIT",
      "dependencies": {
        "is-alphabetical": "^2.0.0",
        "is-decimal": "^2.0.0"
      },
      "funding": {
        "type": "github",
        "url": "https://github.com/sponsors/wooorm"
      }
    },
    "node_modules/is-buffer": {
      "version": "2.0.5",
      "resolved": "https://registry.npmjs.org/is-buffer/-/is-buffer-2.0.5.tgz",
      "integrity": "sha512-i2R6zNFDwgEHJyQUtJEk0XFi1i0dPFn/oqjK3/vPCcDeJvW5NQ83V8QbicfF1SupOaB0h8ntgBC2YiE7dfyctQ==",
      "funding": [
        {
          "type": "github",
          "url": "https://github.com/sponsors/feross"
        },
        {
          "type": "patreon",
          "url": "https://www.patreon.com/feross"
        },
        {
          "type": "consulting",
          "url": "https://feross.org/support"
        }
      ],
      "license": "MIT",
      "engines": {
        "node": ">=4"
      }
    },
    "node_modules/is-decimal": {
      "version": "2.0.1",
      "resolved": "https://registry.npmjs.org/is-decimal/-/is-decimal-2.0.1.tgz",
      "integrity": "sha512-AAB9hiomQs5DXWcRB1rqsxGUstbRroFOPPVAomNk/3XHR5JyEZChOyTWe2oayKnsSsr/kcGqF+z6yuH6HHpN0A==",
      "license": "MIT",
      "funding": {
        "type": "github",
        "url": "https://github.com/sponsors/wooorm"
      }
    },
    "node_modules/is-hexadecimal": {
      "version": "2.0.1",
      "resolved": "https://registry.npmjs.org/is-hexadecimal/-/is-hexadecimal-2.0.1.tgz",
      "integrity": "sha512-DgZQp241c8oO6cA1SbTEWiXeoxV42vlcJxgH+B3hi1AiqqKruZR3ZGF8In3fj4+/y/7rHvlOZLZtgJ/4ttYGZg==",
      "license": "MIT",
      "funding": {
        "type": "github",
        "url": "https://github.com/sponsors/wooorm"
      }
    },
    "node_modules/is-node-process": {
      "version": "1.2.0",
      "resolved": "https://registry.npmjs.org/is-node-process/-/is-node-process-1.2.0.tgz",
      "integrity": "sha512-Vg4o6/fqPxIjtxgUH5QLJhwZ7gW5diGCVlXpuUfELC62CuxM1iHcRe51f2W1FDy04Ai4KJkagKjx3XaqyfRKXw==",
      "license": "MIT"
    },
    "node_modules/js-tokens": {
      "version": "4.0.0",
      "resolved": "https://registry.npmjs.org/js-tokens/-/js-tokens-4.0.0.tgz",
      "integrity": "sha512-RdJUflcE3cUzKiMqQgsCu06FPu9UdIJO0beYbPhHN4k6apgJtifcoCtT9bcxOpYBtpD2kCM6Sbzg4CausW/PKQ==",
      "license": "MIT"
    },
    "node_modules/loose-envify": {
      "version": "1.4.0",
      "resolved": "https://registry.npmjs.org/loose-envify/-/loose-envify-1.4.0.tgz",
      "integrity": "sha512-lyuxPGr/Wfhrlem2CL/UcnUc1zcqKAImBDzukY7Y5F/yQiNdko6+fRLevlw1HgMySw7f611UIY408EtxRSoK3Q==",
      "license": "MIT",
      "dependencies": {
        "js-tokens": "^3.0.0 || ^4.0.0"
      },
      "bin": {
        "loose-envify": "cli.js"
      }
    },
    "node_modules/lowlight": {
      "version": "1.20.0",
      "resolved": "https://registry.npmjs.org/lowlight/-/lowlight-1.20.0.tgz",
      "integrity": "sha512-8Ktj+prEb1RoCPkEOrPMYUN/nCggB7qAWe3a7OpMjWQkh3l2RD5wKRQ+o8Q8YuI9RG/xs95waaI/E6ym/7NsTw==",
      "license": "MIT",
      "dependencies": {
        "fault": "^1.0.0",
        "highlight.js": "~10.7.0"
      },
      "funding": {
        "type": "github",
        "url": "https://github.com/sponsors/wooorm"
      }
    },
    "node_modules/marked": {
      "version": "14.0.0",
      "resolved": "https://registry.npmjs.org/marked/-/marked-14.0.0.tgz",
      "integrity": "sha512-uIj4+faQ+MgHgwUW1l2PsPglZLOLOT1uErt06dAPtx2kjteLAkbsd/0FiYg/MGS+i7ZKLb7w2WClxHkzOOuryQ==",
      "license": "MIT",
      "peer": true,
      "bin": {
        "marked": "bin/marked.js"
      },
      "engines": {
        "node": ">= 18"
      }
    },
    "node_modules/monaco-editor": {
      "version": "0.55.1",
      "resolved": "https://registry.npmjs.org/monaco-editor/-/monaco-editor-0.55.1.tgz",
      "integrity": "sha512-jz4x+TJNFHwHtwuV9vA9rMujcZRb0CEilTEwG2rRSpe/A7Jdkuj8xPKttCgOh+v/lkHy7HsZ64oj+q3xoAFl9A==",
      "license": "MIT",
      "peer": true,
      "dependencies": {
        "dompurify": "3.2.7",
        "marked": "14.0.0"
      }
    },
    "node_modules/nanoid": {
      "version": "3.3.11",
      "resolved": "https://registry.npmjs.org/nanoid/-/nanoid-3.3.11.tgz",
      "integrity": "sha512-N8SpfPUnUp1bK+PMYW8qSWdl9U+wwNWI4QKxOYDy9JAro3WMX7p2OeVRF9v+347pnakNevPmiHhNmZ2HbFA76w==",
      "funding": [
        {
          "type": "github",
          "url": "https://github.com/sponsors/ai"
        }
      ],
      "license": "MIT",
      "bin": {
        "nanoid": "bin/nanoid.cjs"
      },
      "engines": {
        "node": "^10 || ^12 || ^13.7 || ^14 || >=15.0.1"
      }
    },
    "node_modules/next": {
      "version": "14.2.5",
      "resolved": "https://registry.npmjs.org/next/-/next-14.2.5.tgz",
      "integrity": "sha512-0f8aRfBVL+mpzfBjYfQuLWh2WyAwtJXCRfkPF4UJ5qd2YwrHczsrSzXU4tRMV0OAxR8ZJZWPFn6uhSC56UTsLA==",
      "deprecated": "This version has a security vulnerability. Please upgrade to a patched version. See https://nextjs.org/blog/security-update-2025-12-11 for more details.",
      "license": "MIT",
      "dependencies": {
        "@next/env": "14.2.5",
        "@swc/helpers": "0.5.5",
        "busboy": "1.6.0",
        "caniuse-lite": "^1.0.30001579",
        "graceful-fs": "^4.2.11",
        "postcss": "8.4.31",
        "styled-jsx": "5.1.1"
      },
      "bin": {
        "next": "dist/bin/next"
      },
      "engines": {
        "node": ">=18.17.0"
      },
      "optionalDependencies": {
        "@next/swc-darwin-arm64": "14.2.5",
        "@next/swc-darwin-x64": "14.2.5",
        "@next/swc-linux-arm64-gnu": "14.2.5",
        "@next/swc-linux-arm64-musl": "14.2.5",
        "@next/swc-linux-x64-gnu": "14.2.5",
        "@next/swc-linux-x64-musl": "14.2.5",
        "@next/swc-win32-arm64-msvc": "14.2.5",
        "@next/swc-win32-ia32-msvc": "14.2.5",
        "@next/swc-win32-x64-msvc": "14.2.5"
      },
      "peerDependencies": {
        "@opentelemetry/api": "^1.1.0",
        "@playwright/test": "^1.41.2",
        "react": "^18.2.0",
        "react-dom": "^18.2.0",
        "sass": "^1.3.0"
      },
      "peerDependenciesMeta": {
        "@opentelemetry/api": {
          "optional": true
        },
        "@playwright/test": {
          "optional": true
        },
        "sass": {
          "optional": true
        }
      }
    },
    "node_modules/parse-entities": {
      "version": "4.0.2",
      "resolved": "https://registry.npmjs.org/parse-entities/-/parse-entities-4.0.2.tgz",
      "integrity": "sha512-GG2AQYWoLgL877gQIKeRPGO1xF9+eG1ujIb5soS5gPvLQ1y2o8FL90w2QWNdf9I361Mpp7726c+lj3U0qK1uGw==",
      "license": "MIT",
      "dependencies": {
        "@types/unist": "^2.0.0",
        "character-entities-legacy": "^3.0.0",
        "character-reference-invalid": "^2.0.0",
        "decode-named-character-reference": "^1.0.0",
        "is-alphanumerical": "^2.0.0",
        "is-decimal": "^2.0.0",
        "is-hexadecimal": "^2.0.0"
      },
      "funding": {
        "type": "github",
        "url": "https://github.com/sponsors/wooorm"
      }
    },
    "node_modules/parse-entities/node_modules/@types/unist": {
      "version": "2.0.11",
      "resolved": "https://registry.npmjs.org/@types/unist/-/unist-2.0.11.tgz",
      "integrity": "sha512-CmBKiL6NNo/OqgmMn95Fk9Whlp2mtvIv+KNpQKN2F4SjvrEesubTRWGYSg+BnWZOnlCaSTU1sMpsBOzgbYhnsA==",
      "license": "MIT"
    },
    "node_modules/picocolors": {
      "version": "1.1.1",
      "resolved": "https://registry.npmjs.org/picocolors/-/picocolors-1.1.1.tgz",
      "integrity": "sha512-xceH2snhtb5M9liqDsmEw56le376mTZkEX/jEb/RxNFyegNul7eNslCXP9FDj/Lcu0X8KEyMceP2ntpaHrDEVA==",
      "license": "ISC"
    },
    "node_modules/postcss": {
      "version": "8.4.31",
      "resolved": "https://registry.npmjs.org/postcss/-/postcss-8.4.31.tgz",
      "integrity": "sha512-PS08Iboia9mts/2ygV3eLpY5ghnUcfLV/EXTOW1E2qYxJKGGBUtNjN76FYHnMs36RmARn41bC0AZmn+rR0OVpQ==",
      "funding": [
        {
          "type": "opencollective",
          "url": "https://opencollective.com/postcss/"
        },
        {
          "type": "tidelift",
          "url": "https://tidelift.com/funding/github/npm/postcss"
        },
        {
          "type": "github",
          "url": "https://github.com/sponsors/ai"
        }
      ],
      "license": "MIT",
      "dependencies": {
        "nanoid": "^3.3.6",
        "picocolors": "^1.0.0",
        "source-map-js": "^1.0.2"
      },
      "engines": {
        "node": "^10 || ^12 || >=14"
      }
    },
    "node_modules/prismjs": {
      "version": "1.30.0",
      "resolved": "https://registry.npmjs.org/prismjs/-/prismjs-1.30.0.tgz",
      "integrity": "sha512-DEvV2ZF2r2/63V+tK8hQvrR2ZGn10srHbXviTlcv7Kpzw8jWiNTqbVgjO3IY8RxrrOUF8VPMQQFysYYYv0YZxw==",
      "license": "MIT",
      "engines": {
        "node": ">=6"
      }
    },
    "node_modules/property-information": {
      "version": "7.1.0",
      "resolved": "https://registry.npmjs.org/property-information/-/property-information-7.1.0.tgz",
      "integrity": "sha512-TwEZ+X+yCJmYfL7TPUOcvBZ4QfoT5YenQiJuX//0th53DE6w0xxLEtfK3iyryQFddXuvkIk51EEgrJQ0WJkOmQ==",
      "license": "MIT",
      "funding": {
        "type": "github",
        "url": "https://github.com/sponsors/wooorm"
      }
    },
    "node_modules/react": {
      "version": "18.3.1",
      "resolved": "https://registry.npmjs.org/react/-/react-18.3.1.tgz",
      "integrity": "sha512-wS+hAgJShR0KhEvPJArfuPVN1+Hz1t0Y6n5jLrGQbkb4urgPE/0Rve+1kMB1v/oWgHgm4WIcV+i7F2pTVj+2iQ==",
      "license": "MIT",
      "dependencies": {
        "loose-envify": "^1.1.0"
      },
      "engines": {
        "node": ">=0.10.0"
      }
    },
    "node_modules/react-dom": {
      "version": "18.3.1",
      "resolved": "https://registry.npmjs.org/react-dom/-/react-dom-18.3.1.tgz",
      "integrity": "sha512-5m4nQKp+rZRb09LNH59GM4BxTh9251/ylbKIbpe7TpGxfJ+9kv6BLkLBXIjjspbgbnIBNqlI23tRnTWT0snUIw==",
      "license": "MIT",
      "dependencies": {
        "loose-envify": "^1.1.0",
        "scheduler": "^0.23.2"
      },
      "peerDependencies": {
        "react": "^18.3.1"
      }
    },
    "node_modules/react-syntax-highlighter": {
      "version": "16.1.0",
      "resolved": "https://registry.npmjs.org/react-syntax-highlighter/-/react-syntax-highlighter-16.1.0.tgz",
      "integrity": "sha512-E40/hBiP5rCNwkeBN1vRP+xow1X0pndinO+z3h7HLsHyjztbyjfzNWNKuAsJj+7DLam9iT4AaaOZnueCU+Nplg==",
      "license": "MIT",
      "dependencies": {
        "@babel/runtime": "^7.28.4",
        "highlight.js": "^10.4.1",
        "highlightjs-vue": "^1.0.0",
        "lowlight": "^1.17.0",
        "prismjs": "^1.30.0",
        "refractor": "^5.0.0"
      },
      "engines": {
        "node": ">= 16.20.2"
      },
      "peerDependencies": {
        "react": ">= 0.14.0"
      }
    },
    "node_modules/refractor": {
      "version": "5.0.0",
      "resolved": "https://registry.npmjs.org/refractor/-/refractor-5.0.0.tgz",
      "integrity": "sha512-QXOrHQF5jOpjjLfiNk5GFnWhRXvxjUVnlFxkeDmewR5sXkr3iM46Zo+CnRR8B+MDVqkULW4EcLVcRBNOPXHosw==",
      "license": "MIT",
      "dependencies": {
        "@types/hast": "^3.0.0",
        "@types/prismjs": "^1.0.0",
        "hastscript": "^9.0.0",
        "parse-entities": "^4.0.0"
      },
      "funding": {
        "type": "github",
        "url": "https://github.com/sponsors/wooorm"
      }
    },
    "node_modules/retry": {
      "version": "0.13.1",
      "resolved": "https://registry.npmjs.org/retry/-/retry-0.13.1.tgz",
      "integrity": "sha512-XQBQ3I8W1Cge0Seh+6gjj03LbmRFWuoszgK9ooCpwYIrhhoO80pfq4cUkU5DkknwfOfFteRwlZ56PYOGYyFWdg==",
      "license": "MIT",
      "engines": {
        "node": ">= 4"
      }
    },
    "node_modules/scheduler": {
      "version": "0.23.2",
      "resolved": "https://registry.npmjs.org/scheduler/-/scheduler-0.23.2.tgz",
      "integrity": "sha512-UOShsPwz7NrMUqhR6t0hWjFduvOzbtv7toDH1/hIrfRNIDBnnBWd0CwJTGvTpngVlmwGCdP9/Zl/tVrDqcuYzQ==",
      "license": "MIT",
      "dependencies": {
        "loose-envify": "^1.1.0"
      }
    },
    "node_modules/source-map-js": {
      "version": "1.2.1",
      "resolved": "https://registry.npmjs.org/source-map-js/-/source-map-js-1.2.1.tgz",
      "integrity": "sha512-UXWMKhLOwVKb728IUtQPXxfYU+usdybtUrK/8uGE8CQMvrhOpwvzDBwj0QhSL7MQc7vIsISBG8VQ8+IDQxpfQA==",
      "license": "BSD-3-Clause",
      "engines": {
        "node": ">=0.10.0"
      }
    },
    "node_modules/space-separated-tokens": {
      "version": "2.0.2",
      "resolved": "https://registry.npmjs.org/space-separated-tokens/-/space-separated-tokens-2.0.2.tgz",
      "integrity": "sha512-PEGlAwrG8yXGXRjW32fGbg66JAlOAwbObuqVoJpv/mRgoWDQfgH1wDPvtzWyUSNAXBGSk8h755YDbbcEy3SH2Q==",
      "license": "MIT",
      "funding": {
        "type": "github",
        "url": "https://github.com/sponsors/wooorm"
      }
    },
    "node_modules/state-local": {
      "version": "1.0.7",
      "resolved": "https://registry.npmjs.org/state-local/-/state-local-1.0.7.tgz",
      "integrity": "sha512-HTEHMNieakEnoe33shBYcZ7NX83ACUjCu8c40iOGEZsngj9zRnkqS9j1pqQPXwobB0ZcVTk27REb7COQ0UR59w==",
      "license": "MIT"
    },
    "node_modules/streamsearch": {
      "version": "1.1.0",
      "resolved": "https://registry.npmjs.org/streamsearch/-/streamsearch-1.1.0.tgz",
      "integrity": "sha512-Mcc5wHehp9aXz1ax6bZUyY5afg9u2rv5cqQI3mRrYkGC8rW2hM02jWuwjtL++LS5qinSyhj2QfLyNsuc+VsExg==",
      "engines": {
        "node": ">=10.0.0"
      }
    },
    "node_modules/styled-jsx": {
      "version": "5.1.1",
      "resolved": "https://registry.npmjs.org/styled-jsx/-/styled-jsx-5.1.1.tgz",
      "integrity": "sha512-pW7uC1l4mBZ8ugbiZrcIsiIvVx1UmTfw7UkC3Um2tmfUq9Bhk8IiyEIPl6F8agHgjzku6j0xQEZbfA5uSgSaCw==",
      "license": "MIT",
      "dependencies": {
        "client-only": "0.0.1"
      },
      "engines": {
        "node": ">= 12.0.0"
      },
      "peerDependencies": {
        "react": ">= 16.8.0 || 17.x.x || ^18.0.0-0"
      },
      "peerDependenciesMeta": {
        "@babel/core": {
          "optional": true
        },
        "babel-plugin-macros": {
          "optional": true
        }
      }
    },
    "node_modules/throttleit": {
      "version": "2.1.0",
      "resolved": "https://registry.npmjs.org/throttleit/-/throttleit-2.1.0.tgz",
      "integrity": "sha512-nt6AMGKW1p/70DF/hGBdJB57B8Tspmbp5gfJ8ilhLnt7kkr2ye7hzD6NVG8GGErk2HWF34igrL2CXmNIkzKqKw==",
      "license": "MIT",
      "engines": {
        "node": ">=18"
      },
      "funding": {
        "url": "https://github.com/sponsors/sindresorhus"
      }
    },
    "node_modules/tslib": {
      "version": "2.8.1",
      "resolved": "https://registry.npmjs.org/tslib/-/tslib-2.8.1.tgz",
      "integrity": "sha512-oJFu94HQb+KVduSUQL7wnpmqnfmLsOA/nAh6b6EH0wCEoK0/mPeXU6c3wKDV83MkOuHPRHtSXKKU99IBazS/2w==",
      "license": "0BSD"
    },
    "node_modules/uncrypto": {
      "version": "0.1.3",
      "resolved": "https://registry.npmjs.org/uncrypto/-/uncrypto-0.1.3.tgz",
      "integrity": "sha512-Ql87qFHB3s/De2ClA9e0gsnS6zXG27SkTiSJwjCc9MebbfapQfuPzumMIUMi38ezPZVNFcHI9sUIepeQfw8J8Q==",
      "license": "MIT"
    },
    "node_modules/undici": {
      "version": "5.29.0",
      "resolved": "https://registry.npmjs.org/undici/-/undici-5.29.0.tgz",
      "integrity": "sha512-raqeBD6NQK4SkWhQzeYKd1KmIG6dllBOTt55Rmkt4HtI9mwdWtJljnrXjAFUBLTSN67HWrOIZ3EPF4kjUw80Bg==",
      "license": "MIT",
      "dependencies": {
        "@fastify/busboy": "^2.0.0"
      },
      "engines": {
        "node": ">=14.0"
      }
    }
  }
}
